
Microsoft Visual Studio Solution File, Format Version 12.00
# Visual Studio Version 16
VisualStudioVersion = 16.0.32413.511
MinimumVisualStudioVersion = 10.0.40219.1
Project("{8BC9CEB8-8B4A-11D0-8D11-00A0C91BC942}") = "ServerCore", "ServerCore\ServerCore.vcxproj", "{00A771EB-4755-4840-9606-ACFF58A515B7}"
EndProject
Project("{8BC9CEB8-8B4A-11D0-8D11-00A0C91BC942}") = "GameServer", "GameServer\GameServer.vcxproj", "{300929F3-8D9B-4AB2-AEF4-0D786B228DEC}"
EndProject
Project("{2150E333-8FDC-42A3-9474-1A3956D46DE8}") = "ProtoFiles", "ProtoFiles", "{A1D3E4A5-50C2-4118-BA45-5C24CDEF1554}"
	ProjectSection(SolutionItems) = preProject
		..\Tools\ProtoBuf\enum.proto = ..\Tools\ProtoBuf\enum.proto
		..\Tools\ProtoBuf\match.proto = ..\Tools\ProtoBuf\match.proto
		..\Tools\ProtoBuf\protocol.proto = ..\Tools\ProtoBuf\protocol.proto
		..\Tools\ProtoBuf\struct.proto = ..\Tools\ProtoBuf\struct.proto
	EndProjectSection
EndProject
Global
	GlobalSection(SolutionConfigurationPlatforms) = preSolution
		Debug|x64 = Debug|x64
		Debug|x86 = Debug|x86
		Release|x64 = Release|x64
		Release|x86 = Release|x86
	EndGlobalSection
	GlobalSection(ProjectConfigurationPlatforms) = postSolution
		{00A771EB-4755-4840-9606-ACFF58A515B7}.Debug|x64.ActiveCfg = Debug|x64
		{00A771EB-4755-4840-9606-ACFF58A515B7}.Debug|x64.Build.0 = Debug|x64
		{00A771EB-4755-4840-9606-ACFF58A515B7}.Debug|x86.ActiveCfg = Debug|Win32
		{00A771EB-4755-4840-9606-ACFF58A515B7}.Debug|x86.Build.0 = Debug|Win32
		{00A771EB-4755-4840-9606-ACFF58A515B7}.Release|x64.ActiveCfg = Release|x64
		{00A771EB-4755-4840-9606-ACFF58A515B7}.Release|x64.Build.0 = Release|x64
		{00A771EB-4755-4840-9606-ACFF58A515B7}.Release|x86.ActiveCfg = Release|Win32
		{00A771EB-4755-4840-9606-ACFF58A515B7}.Release|x86.Build.0 = Release|Win32
		{300929F3-8D9B-4AB2-AEF4-0D786B228DEC}.Debug|x64.ActiveCfg = Debug|x64
		{300929F3-8D9B-4AB2-AEF4-0D786B228DEC}.Debug|x64.Build.0 = Debug|x64
		{300929F3-8D9B-4AB2-AEF4-0D786B228DEC}.Debug|x86.ActiveCfg = Debug|Win32
		{300929F3-8D9B-4AB2-AEF4-0D786B228DEC}.Debug|x86.Build.0 = Debug|Win32
		{300929F3-8D9B-4AB2-AEF4-0D786B228DEC}.Release|x64.ActiveCfg = Release|x64
		{300929F3-8D9B-4AB2-AEF4-0D786B228DEC}.Release|x64.Build.0 = Release|x64
		{300929F3-8D9B-4AB2-AEF4-0D786B228DEC}.Release|x86.ActiveCfg = Release|Win32
		{300929F3-8D9B-4AB2-AEF4-0D786B228DEC}.Release|x86.Build.0 = Release|Win32
	EndGlobalSection
	GlobalSection(SolutionProperties) = preSolution
		HideSolutionNode = FALSE
	EndGlobalSection
	GlobalSection(ExtensibilityGlobals) = postSolution
		SolutionGuid = {37C8FEB6-D88C-41E6-BA37-85D66FD17905}
	EndGlobalSection
EndGlobal
